
Microsoft Visual Studio Solution File, Format Version 11.00
# Visual C# Express 2010
Project("{FAE04EC0-301F-11D3-BF4B-00C04F79EFBC}") = "mo rong ltdknc 2", "mo rong ltdknc 2\mo rong ltdknc 2.csproj", "{05A1182E-FBB3-4950-83C9-50D895297AF1}"
EndProject
Global
	GlobalSection(SolutionConfigurationPlatforms) = preSolution
		Debug|x86 = Debug|x86
		Release|x86 = Release|x86
	EndGlobalSection
	GlobalSection(ProjectConfigurationPlatforms) = postSolution
		{05A1182E-FBB3-4950-83C9-50D895297AF1}.Debug|x86.ActiveCfg = Debug|x86
		{05A1182E-FBB3-4950-83C9-50D895297AF1}.Debug|x86.Build.0 = Debug|x86
		{05A1182E-FBB3-4950-83C9-50D895297AF1}.Release|x86.ActiveCfg = Release|x86
		{05A1182E-FBB3-4950-83C9-50D895297AF1}.Release|x86.Build.0 = Release|x86
	EndGlobalSection
	GlobalSection(SolutionProperties) = preSolution
		HideSolutionNode = FALSE
	EndGlobalSection
EndGlobal
